{
  "name": "asp.net",
  "version": "1.0.0",
  "lockfileVersion": 1,
  "requires": true,
  "dependencies": {
    "ag-grid-community": {
      "version": "24.0.0",
      "resolved": "https://registry.npmjs.org/ag-grid-community/-/ag-grid-community-24.0.0.tgz",
      "integrity": "sha512-TNNqTp918PCRicH/vE8fs1pu/hbWMc9Iem7gCjGsjlabBrGhMxCq7tYiBtguERuxdszbSImznjampnc0NvOoFg=="
    }
  }
}
